
Microsoft Visual Studio Solution File, Format Version 12.00
# Visual Studio Version 17
VisualStudioVersion = 17.5.33502.453
MinimumVisualStudioVersion = 10.0.40219.1
Project("{9A19103F-16F7-4668-BE54-9A1E7A4F7556}") = "NullSafeCollections", "NullSafeCollections\NullSafeCollections.csproj", "{77BA28B1-9107-4DB8-B31C-86F45A0B14A4}"
EndProject
Project("{FAE04EC0-301F-11D3-BF4B-00C04F79EFBC}") = "NullSafeCollections.Tests", "NullSafeCollections.Tests\NullSafeCollections.Tests.csproj", "{2BF5F275-60C1-417E-8EC0-B386B697B156}"
EndProject
Global
	GlobalSection(SolutionConfigurationPlatforms) = preSolution
		Debug|Any CPU = Debug|Any CPU
		Release|Any CPU = Release|Any CPU
	EndGlobalSection
	GlobalSection(ProjectConfigurationPlatforms) = postSolution
		{77BA28B1-9107-4DB8-B31C-86F45A0B14A4}.Debug|Any CPU.ActiveCfg = Debug|Any CPU
		{77BA28B1-9107-4DB8-B31C-86F45A0B14A4}.Debug|Any CPU.Build.0 = Debug|Any CPU
		{77BA28B1-9107-4DB8-B31C-86F45A0B14A4}.Release|Any CPU.ActiveCfg = Release|Any CPU
		{77BA28B1-9107-4DB8-B31C-86F45A0B14A4}.Release|Any CPU.Build.0 = Release|Any CPU
		{2BF5F275-60C1-417E-8EC0-B386B697B156}.Debug|Any CPU.ActiveCfg = Debug|Any CPU
		{2BF5F275-60C1-417E-8EC0-B386B697B156}.Debug|Any CPU.Build.0 = Debug|Any CPU
		{2BF5F275-60C1-417E-8EC0-B386B697B156}.Release|Any CPU.ActiveCfg = Release|Any CPU
		{2BF5F275-60C1-417E-8EC0-B386B697B156}.Release|Any CPU.Build.0 = Release|Any CPU
	EndGlobalSection
	GlobalSection(SolutionProperties) = preSolution
		HideSolutionNode = FALSE
	EndGlobalSection
	GlobalSection(ExtensibilityGlobals) = postSolution
		SolutionGuid = {82AE5AC9-0D61-4B02-A43C-0AEE99B34161}
	EndGlobalSection
EndGlobal
